{
  "version": 4,
  "terraform_version": "1.5.6",
  "serial": 112,
  "lineage": "8c4290cf-0cf5-024a-b535-51dd81cd6e12",
  "outputs": {},
  "resources": [
    {
      "mode": "data",
      "type": "aws_ami",
      "name": "amazon-linux",
      "provider": "provider[\"registry.terraform.io/hashicorp/aws\"]",
      "instances": [
        {
          "schema_version": 0,
          "attributes": {
            "architecture": "x86_64",
            "arn": "arn:aws:ec2:us-east-1::image/ami-0f409bae3775dc8e5",
            "block_device_mappings": [
              {
                "device_name": "/dev/xvda",
                "ebs": {
                  "delete_on_termination": "true",
                  "encrypted": "false",
                  "iops": "0",
                  "snapshot_id": "snap-0b41aa919c7bcb5a6",
                  "throughput": "0",
                  "volume_size": "8",
                  "volume_type": "gp2"
                },
                "no_device": "",
                "virtual_name": ""
              }
            ],
            "boot_mode": "",
            "creation_date": "2023-08-22T20:00:04.000Z",
            "deprecation_time": "2024-01-01T00:00:00.000Z",
            "description": "Amazon Linux 2 Kernel 5.10 AMI 2.0.20230822.0 x86_64 HVM gp2",
            "ena_support": true,
            "executable_users": null,
            "filter": [
              {
                "name": "architecture",
                "values": [
                  "x86_64"
                ]
              },
              {
                "name": "name",
                "values": [
                  "amzn2-ami-kernel-5.10-hvm*"
                ]
              },
              {
                "name": "owner-alias",
                "values": [
                  "amazon"
                ]
              }
            ],
            "hypervisor": "xen",
            "id": "ami-0f409bae3775dc8e5",
            "image_id": "ami-0f409bae3775dc8e5",
            "image_location": "amazon/amzn2-ami-kernel-5.10-hvm-2.0.20230822.0-x86_64-gp2",
            "image_owner_alias": "amazon",
            "image_type": "machine",
            "imds_support": "",
            "include_deprecated": false,
            "kernel_id": "",
            "most_recent": true,
            "name": "amzn2-ami-kernel-5.10-hvm-2.0.20230822.0-x86_64-gp2",
            "name_regex": null,
            "owner_id": "137112412989",
            "owners": [
              "amazon"
            ],
            "platform": "",
            "platform_details": "Linux/UNIX",
            "product_codes": [],
            "public": true,
            "ramdisk_id": "",
            "root_device_name": "/dev/xvda",
            "root_device_type": "ebs",
            "root_snapshot_id": "snap-0b41aa919c7bcb5a6",
            "sriov_net_support": "simple",
            "state": "available",
            "state_reason": {
              "code": "UNSET",
              "message": "UNSET"
            },
            "tags": {},
            "timeouts": null,
            "tpm_support": "",
            "usage_operation": "RunInstances",
            "virtualization_type": "hvm"
          },
          "sensitive_attributes": []
        }
      ]
    },
    {
      "mode": "data",
      "type": "template_file",
      "name": "startup",
      "provider": "provider[\"registry.terraform.io/hashicorp/template\"]",
      "instances": [
        {
          "schema_version": 0,
          "attributes": {
            "filename": null,
            "id": "d1cb6743392921a61e7d49b7b6b2d1fbee0b829d9e7aba984a1d74f4d486b328",
            "rendered": "#!/bin/bash\n\nsetenforce 0 ;\nsed -i --follow-symlinks 's/SELINUX=enforcing/SELINUX=disabled/g' /etc/sysconfig/selinux ;modprobe br_netfilter ;\necho '1' \u003e /proc/sys/net/bridge/bridge-nf-call-iptables ;yum install -y yum-utils device-mapper-persistent-data lvm2 ;\nyum install -y docker ; systemctl enable docker ;systemctl start docker ;\n\ncat \u003c\u003cEOF \u003e /etc/yum.repos.d/kubernetes.repo\n[kubernetes]\nname=Kubernetes\nbaseurl=https://packages.cloud.google.com/yum/repos/kubernetes-el7-x86_64\nenabled=1\ngpgcheck=0\nrepo_gpgcheck=0\ngpgkey=https://packages.cloud.google.com/yum/doc/yum-key.gpg https://packages.cloud.google.com/yum/doc/rpm-package-key.gpg\nEOF\nyum install -y kubelet kubeadm kubectl ;\nsystemctl enable kubelet ;\n\ncurl -O https://s3.us-west-2.amazonaws.com/amazon-eks/1.23.17/2023-08-16/bin/linux/amd64/kubectl ;\ncurl -O https://s3.us-west-2.amazonaws.com/amazon-eks/1.23.17/2023-08-16/bin/linux/amd64/kubectl.sha256 ;\nsha256sum -c kubectl.sha256 ;\nopenssl sha1 -sha256 kubectl ;\nchmod +x ./kubectl ;\nmkdir -p $HOME/bin \u0026\u0026 cp ./kubectl $HOME/bin/kubectl \u0026\u0026 export PATH=$HOME/bin:$PATH ;\necho 'export PATH=$HOME/bin:$PATH' \u003e\u003e ~/.bashrc ;\nkubectl version --short --client;\n#aws eks update-kubeconfig --region us-east-1 --name Learning-cluster\nyum install git -y;\nyum install make -y ;\nyum install go -y ;\ngit clone https://github.com/helm/helm.git\ncd helm\nmake;\necho 'export PATH=/root/helm/bin/:$PATH' \u003e\u003e ~/.bashrc;\nhelm version;\n\n# for ARM systems, set ARCH to: `arm64`, `armv6` or `armv7`\nARCH=amd64\nPLATFORM=$(uname -s)_$ARCH\n\ncurl -sLO \"https://github.com/eksctl-io/eksctl/releases/latest/download/eksctl_$PLATFORM.tar.gz\"\n\n# (Optional) Verify checksum\ncurl -sL \"https://github.com/eksctl-io/eksctl/releases/latest/download/eksctl_checksums.txt\" | grep $PLATFORM | sha256sum --check\n\ntar -xzf eksctl_$PLATFORM.tar.gz -C /tmp \u0026\u0026 rm eksctl_$PLATFORM.tar.gz\n\nsudo mv /tmp/eksctl /usr/local/bin\necho 'export PATH=/usr/local/bin:$PATH' \u003e\u003e ~/.bashrc;\n",
            "template": "#!/bin/bash\n\nsetenforce 0 ;\nsed -i --follow-symlinks 's/SELINUX=enforcing/SELINUX=disabled/g' /etc/sysconfig/selinux ;modprobe br_netfilter ;\necho '1' \u003e /proc/sys/net/bridge/bridge-nf-call-iptables ;yum install -y yum-utils device-mapper-persistent-data lvm2 ;\nyum install -y docker ; systemctl enable docker ;systemctl start docker ;\n\ncat \u003c\u003cEOF \u003e /etc/yum.repos.d/kubernetes.repo\n[kubernetes]\nname=Kubernetes\nbaseurl=https://packages.cloud.google.com/yum/repos/kubernetes-el7-x86_64\nenabled=1\ngpgcheck=0\nrepo_gpgcheck=0\ngpgkey=https://packages.cloud.google.com/yum/doc/yum-key.gpg https://packages.cloud.google.com/yum/doc/rpm-package-key.gpg\nEOF\nyum install -y kubelet kubeadm kubectl ;\nsystemctl enable kubelet ;\n\ncurl -O https://s3.us-west-2.amazonaws.com/amazon-eks/1.23.17/2023-08-16/bin/linux/amd64/kubectl ;\ncurl -O https://s3.us-west-2.amazonaws.com/amazon-eks/1.23.17/2023-08-16/bin/linux/amd64/kubectl.sha256 ;\nsha256sum -c kubectl.sha256 ;\nopenssl sha1 -sha256 kubectl ;\nchmod +x ./kubectl ;\nmkdir -p $HOME/bin \u0026\u0026 cp ./kubectl $HOME/bin/kubectl \u0026\u0026 export PATH=$HOME/bin:$PATH ;\necho 'export PATH=$HOME/bin:$PATH' \u003e\u003e ~/.bashrc ;\nkubectl version --short --client;\n#aws eks update-kubeconfig --region us-east-1 --name Learning-cluster\nyum install git -y;\nyum install make -y ;\nyum install go -y ;\ngit clone https://github.com/helm/helm.git\ncd helm\nmake;\necho 'export PATH=/root/helm/bin/:$PATH' \u003e\u003e ~/.bashrc;\nhelm version;\n\n# for ARM systems, set ARCH to: `arm64`, `armv6` or `armv7`\nARCH=amd64\nPLATFORM=$(uname -s)_$ARCH\n\ncurl -sLO \"https://github.com/eksctl-io/eksctl/releases/latest/download/eksctl_$PLATFORM.tar.gz\"\n\n# (Optional) Verify checksum\ncurl -sL \"https://github.com/eksctl-io/eksctl/releases/latest/download/eksctl_checksums.txt\" | grep $PLATFORM | sha256sum --check\n\ntar -xzf eksctl_$PLATFORM.tar.gz -C /tmp \u0026\u0026 rm eksctl_$PLATFORM.tar.gz\n\nsudo mv /tmp/eksctl /usr/local/bin\necho 'export PATH=/usr/local/bin:$PATH' \u003e\u003e ~/.bashrc;\n",
            "vars": null
          },
          "sensitive_attributes": []
        }
      ]
    },
    {
      "mode": "managed",
      "type": "aws_eks_cluster",
      "name": "Learning-eks",
      "provider": "provider[\"registry.terraform.io/hashicorp/aws\"]",
      "instances": [
        {
          "schema_version": 0,
          "attributes": {
            "arn": "arn:aws:eks:us-east-1:771370169183:cluster/Learning-cluster",
            "certificate_authority": [
              {
                "data": "LS0tLS1CRUdJTiBDRVJUSUZJQ0FURS0tLS0tCk1JSURCVENDQWUyZ0F3SUJBZ0lJVFFBdTQ0d3Y0N2t3RFFZSktvWklodmNOQVFFTEJRQXdGVEVUTUJFR0ExVUUKQXhNS2EzVmlaWEp1WlhSbGN6QWVGdzB5TXpBNE1qa3dOelEyTUROYUZ3MHpNekE0TWpZd056UTJNRE5hTUJVeApFekFSQmdOVkJBTVRDbXQxWW1WeWJtVjBaWE13Z2dFaU1BMEdDU3FHU0liM0RRRUJBUVVBQTRJQkR3QXdnZ0VLCkFvSUJBUURHZ3RaMHB5aCtkMzArcVovZ01NS002R3NCQXhzWmZHZUVuZVhDOHVaMnBjZ0FCUkxZQkhBZW5YcSsKWkVFTGdwUWM1NDRFVkxybFAvQVQ5NHhxK3Q0clBad21mVldPb09MZXladXU1UDJNY3MzUzJMWjRZV284OEdlUwp0ZWdVdmcrdDBxVHU5OGNuczVqUUVSVjRVeEg3RXBmYk04M0FWS0dHMjhvaytEODJmc2tzTmRIdXFWeCs4UFJaCkQ4dDdtS05JMlZuKzdaSXBkNzVxbkd1aWg2dmo2OThzNWYxaHNwN2UzckZoYTVkUi9HV3VJVXUvaEFzOWJBSlUKanVqY0NqQmRxOHpEdDNHWG9HcGptTWRsZ3VDVWhRWWd5NXpkc25DclZpOWxuZWRGaS90ZHovZ1ZVR0VTY0ZTegoveGNtR1YwY0ZaVUw3Tjl4VUswMWVLTythZzRIQWdNQkFBR2pXVEJYTUE0R0ExVWREd0VCL3dRRUF3SUNwREFQCkJnTlZIUk1CQWY4RUJUQURBUUgvTUIwR0ExVWREZ1FXQkJSUUZ2SlpBMzB3WXowOWV0ZXpqOEFVcmp0VWZ6QVYKQmdOVkhSRUVEakFNZ2dwcmRXSmxjbTVsZEdWek1BMEdDU3FHU0liM0RRRUJDd1VBQTRJQkFRQU1yNTVubHJZRwp6ZHpoTE00THRaU1ZXWEVXNkpJSTUrc0RTVWg4elRIVjcrdk9wcFdMd2NYRHBUV29hM1ZaR2hFbFNsNEZXZ21sCnQvc1NubENDTkZ2bm43TXUzeDZIVll4U29wQWo4L0Z6aUxUUEZhak1GUVA5WXB4a3YzTWQzSVpPcGFGc2llVngKeW9wZnFWRlUyVlFoRlRUSHRPaG5XZ0lON2kwcVo2MzBaVUsrbWdWMHV5UWhnKzA0ZCswN0Q3aUxCcDdORnJhMQpPeEdXWGNSa3liN25GeG5mQkY3S2dkaXFpcXdEajBtWGdPdFhpdWEzZExBNWRPQUkzVUdFb3VURC80SXV1ZXZJClA1UmlQTlROemRJNjNyQlJwNis1cHRZV2xabUFqcWkvcWFKWk1WaVNBVm5Sd2ZFRnByT3BVR3F0dDJwY0RuNFUKWmhQL2J3Z0ZMdGVoCi0tLS0tRU5EIENFUlRJRklDQVRFLS0tLS0K"
              }
            ],
            "cluster_id": null,
            "created_at": "2023-08-29 07:41:48.009 +0000 UTC",
            "enabled_cluster_log_types": null,
            "encryption_config": [],
            "endpoint": "https://824B93628DCCFEC0A8DF6415EE44D620.gr7.us-east-1.eks.amazonaws.com",
            "id": "Learning-cluster",
            "identity": [
              {
                "oidc": [
                  {
                    "issuer": "https://oidc.eks.us-east-1.amazonaws.com/id/824B93628DCCFEC0A8DF6415EE44D620"
                  }
                ]
              }
            ],
            "kubernetes_network_config": [
              {
                "ip_family": "ipv4",
                "service_ipv4_cidr": "172.20.0.0/16",
                "service_ipv6_cidr": ""
              }
            ],
            "name": "Learning-cluster",
            "outpost_config": [],
            "platform_version": "eks.5",
            "role_arn": "arn:aws:iam::771370169183:role/Learning-eks-iam-role",
            "status": "ACTIVE",
            "tags": null,
            "tags_all": {},
            "timeouts": null,
            "version": "1.27",
            "vpc_config": [
              {
                "cluster_security_group_id": "sg-03337ca19d964027c",
                "endpoint_private_access": false,
                "endpoint_public_access": true,
                "public_access_cidrs": [
                  "0.0.0.0/0"
                ],
                "security_group_ids": null,
                "subnet_ids": [
                  "subnet-0141198e30284b652",
                  "subnet-0e634871598ca60ab"
                ],
                "vpc_id": "vpc-00b49215616b433a0"
              }
            ]
          },
          "sensitive_attributes": [],
          "private": "eyJlMmJmYjczMC1lY2FhLTExZTYtOGY4OC0zNDM2M2JjN2M0YzAiOnsiY3JlYXRlIjoxODAwMDAwMDAwMDAwLCJkZWxldGUiOjkwMDAwMDAwMDAwMCwidXBkYXRlIjozNjAwMDAwMDAwMDAwfX0=",
          "dependencies": [
            "aws_iam_role.eks-iam-role"
          ]
        }
      ]
    },
    {
      "mode": "managed",
      "type": "aws_eks_node_group",
      "name": "worker-node-group",
      "provider": "provider[\"registry.terraform.io/hashicorp/aws\"]",
      "instances": [
        {
          "schema_version": 0,
          "attributes": {
            "ami_type": "AL2_x86_64",
            "arn": "arn:aws:eks:us-east-1:771370169183:nodegroup/Learning-cluster/Learning-workernodes/68c52022-45cc-a776-1986-7cc3e6be93d3",
            "capacity_type": "ON_DEMAND",
            "cluster_name": "Learning-cluster",
            "disk_size": 20,
            "force_update_version": null,
            "id": "Learning-cluster:Learning-workernodes",
            "instance_types": [
              "t3.xlarge"
            ],
            "labels": null,
            "launch_template": [],
            "node_group_name": "Learning-workernodes",
            "node_group_name_prefix": "",
            "node_role_arn": "arn:aws:iam::771370169183:role/eks-node-group-example",
            "release_version": "1.27.3-20230816",
            "remote_access": [],
            "resources": [
              {
                "autoscaling_groups": [
                  {
                    "name": "eks-Learning-workernodes-68c52022-45cc-a776-1986-7cc3e6be93d3"
                  }
                ],
                "remote_access_security_group_id": ""
              }
            ],
            "scaling_config": [
              {
                "desired_size": 1,
                "max_size": 1,
                "min_size": 1
              }
            ],
            "status": "ACTIVE",
            "subnet_ids": [
              "subnet-0141198e30284b652",
              "subnet-0e634871598ca60ab"
            ],
            "tags": null,
            "tags_all": {},
            "taint": [],
            "timeouts": null,
            "update_config": [
              {
                "max_unavailable": 1,
                "max_unavailable_percentage": 0
              }
            ],
            "version": "1.27"
          },
          "sensitive_attributes": [],
          "private": "eyJlMmJmYjczMC1lY2FhLTExZTYtOGY4OC0zNDM2M2JjN2M0YzAiOnsiY3JlYXRlIjozNjAwMDAwMDAwMDAwLCJkZWxldGUiOjM2MDAwMDAwMDAwMDAsInVwZGF0ZSI6MzYwMDAwMDAwMDAwMH19",
          "dependencies": [
            "aws_eks_cluster.Learning-eks",
            "aws_iam_role.eks-iam-role",
            "aws_iam_role.workernodes",
            "aws_iam_role_policy_attachment.AmazonEKSWorkerNodePolicy",
            "aws_iam_role_policy_attachment.AmazonEKS_CNI_Policy"
          ]
        }
      ]
    },
    {
      "mode": "managed",
      "type": "aws_iam_instance_profile",
      "name": "ssm-profile",
      "provider": "provider[\"registry.terraform.io/hashicorp/aws\"]",
      "instances": [
        {
          "schema_version": 0,
          "attributes": {
            "arn": "arn:aws:iam::771370169183:instance-profile/ssm",
            "create_date": "2023-08-29T07:41:46Z",
            "id": "ssm",
            "name": "ssm",
            "name_prefix": "",
            "path": "/",
            "role": "ec2_role",
            "tags": null,
            "tags_all": {},
            "unique_id": "AIPA3HGJ6WNP2UMPWSPQ6"
          },
          "sensitive_attributes": [],
          "private": "bnVsbA==",
          "dependencies": [
            "aws_iam_role.ssm-role"
          ]
        }
      ]
    },
    {
      "mode": "managed",
      "type": "aws_iam_policy",
      "name": "ssm-access-ec2",
      "provider": "provider[\"registry.terraform.io/hashicorp/aws\"]",
      "instances": [
        {
          "schema_version": 0,
          "attributes": {
            "arn": "arn:aws:iam::771370169183:policy/SSM-Access-Policy",
            "description": "Provides permission to access SSM",
            "id": "arn:aws:iam::771370169183:policy/SSM-Access-Policy",
            "name": "SSM-Access-Policy",
            "name_prefix": "",
            "path": "/",
            "policy": "{\"Statement\":[{\"Action\":[\"ssm:DescribeAssociation\",\"ssm:GetDeployablePatchSnapshotForInstance\",\"ssm:GetDocument\",\"ssm:DescribeDocument\",\"ssm:GetManifest\",\"ssm:GetParameter\",\"ssm:GetParameters\",\"ssm:ListAssociations\",\"ssm:ListInstanceAssociations\",\"ssm:PutInventory\",\"ssm:PutComplianceItems\",\"ssm:PutConfigurePackageResult\",\"ssm:UpdateAssociationStatus\",\"ssm:UpdateInstanceAssociationStatus\",\"ssm:UpdateInstanceInformation\"],\"Effect\":\"Allow\",\"Resource\":\"*\"},{\"Action\":[\"ssmmessages:CreateControlChannel\",\"ssmmessages:CreateDataChannel\",\"ssmmessages:OpenControlChannel\",\"ssmmessages:OpenDataChannel\"],\"Effect\":\"Allow\",\"Resource\":\"*\"},{\"Action\":[\"ec2messages:AcknowledgeMessage\",\"ec2messages:DeleteMessage\",\"ec2messages:FailMessage\",\"ec2messages:GetEndpoint\",\"ec2messages:GetMessages\",\"ec2messages:SendReply\"],\"Effect\":\"Allow\",\"Resource\":\"*\"},{\"Action\":\"ssm:DescribeEffectivePatchesForPatchBaseline\",\"Effect\":\"Allow\",\"Resource\":\"arn:aws:ssm:*:*:patchbaseline/*\"},{\"Action\":\"ssm:GetPatchBaseline\",\"Effect\":\"Allow\",\"Resource\":\"arn:aws:ssm:*:*:patchbaseline/*\"},{\"Action\":\"tag:GetResources\",\"Effect\":\"Allow\",\"Resource\":\"*\"},{\"Action\":\"ssm:DescribePatchBaselines\",\"Effect\":\"Allow\",\"Resource\":\"*\"}],\"Version\":\"2012-10-17\"}",
            "policy_id": "ANPA3HGJ6WNPRWETDO4AE",
            "tags": null,
            "tags_all": {}
          },
          "sensitive_attributes": [],
          "private": "bnVsbA=="
        }
      ]
    },
    {
      "mode": "managed",
      "type": "aws_iam_policy_attachment",
      "name": "ssm-attach",
      "provider": "provider[\"registry.terraform.io/hashicorp/aws\"]",
      "instances": [
        {
          "schema_version": 0,
          "attributes": {
            "groups": null,
            "id": "ssm-attachment",
            "name": "ssm-attachment",
            "policy_arn": "arn:aws:iam::771370169183:policy/SSM-Access-Policy",
            "roles": [
              "ec2_role"
            ],
            "users": null
          },
          "sensitive_attributes": [],
          "private": "bnVsbA==",
          "dependencies": [
            "aws_iam_policy.ssm-access-ec2",
            "aws_iam_role.ssm-role"
          ]
        }
      ]
    },
    {
      "mode": "managed",
      "type": "aws_iam_role",
      "name": "eks-iam-role",
      "provider": "provider[\"registry.terraform.io/hashicorp/aws\"]",
      "instances": [
        {
          "schema_version": 0,
          "attributes": {
            "arn": "arn:aws:iam::771370169183:role/Learning-eks-iam-role",
            "assume_role_policy": "{\"Statement\":[{\"Action\":\"sts:AssumeRole\",\"Effect\":\"Allow\",\"Principal\":{\"Service\":\"eks.amazonaws.com\"}}],\"Version\":\"2012-10-17\"}",
            "create_date": "2023-08-29T07:41:44Z",
            "description": "",
            "force_detach_policies": false,
            "id": "Learning-eks-iam-role",
            "inline_policy": [],
            "managed_policy_arns": [],
            "max_session_duration": 3600,
            "name": "Learning-eks-iam-role",
            "name_prefix": "",
            "path": "/",
            "permissions_boundary": null,
            "tags": null,
            "tags_all": {},
            "unique_id": "AROA3HGJ6WNPSN3IBM2NN"
          },
          "sensitive_attributes": [],
          "private": "bnVsbA=="
        }
      ]
    },
    {
      "mode": "managed",
      "type": "aws_iam_role",
      "name": "ssm-role",
      "provider": "provider[\"registry.terraform.io/hashicorp/aws\"]",
      "instances": [
        {
          "schema_version": 0,
          "attributes": {
            "arn": "arn:aws:iam::771370169183:role/ec2_role",
            "assume_role_policy": "{\"Statement\":[{\"Action\":\"sts:AssumeRole\",\"Effect\":\"Allow\",\"Principal\":{\"Service\":\"ec2.amazonaws.com\"},\"Sid\":\"RoleForEC2\"}],\"Version\":\"2012-10-17\"}",
            "create_date": "2023-08-29T07:41:44Z",
            "description": "",
            "force_detach_policies": false,
            "id": "ec2_role",
            "inline_policy": [],
            "managed_policy_arns": [],
            "max_session_duration": 3600,
            "name": "ec2_role",
            "name_prefix": "",
            "path": "/",
            "permissions_boundary": null,
            "tags": null,
            "tags_all": {},
            "unique_id": "AROA3HGJ6WNPTTL4WW6VH"
          },
          "sensitive_attributes": [],
          "private": "bnVsbA=="
        }
      ]
    },
    {
      "mode": "managed",
      "type": "aws_iam_role",
      "name": "workernodes",
      "provider": "provider[\"registry.terraform.io/hashicorp/aws\"]",
      "instances": [
        {
          "schema_version": 0,
          "attributes": {
            "arn": "arn:aws:iam::771370169183:role/eks-node-group-example",
            "assume_role_policy": "{\"Statement\":[{\"Action\":\"sts:AssumeRole\",\"Effect\":\"Allow\",\"Principal\":{\"Service\":\"ec2.amazonaws.com\"}}],\"Version\":\"2012-10-17\"}",
            "create_date": "2023-08-29T07:41:44Z",
            "description": "",
            "force_detach_policies": false,
            "id": "eks-node-group-example",
            "inline_policy": [],
            "managed_policy_arns": [],
            "max_session_duration": 3600,
            "name": "eks-node-group-example",
            "name_prefix": "",
            "path": "/",
            "permissions_boundary": null,
            "tags": null,
            "tags_all": {},
            "unique_id": "AROA3HGJ6WNP2IBYJBM3S"
          },
          "sensitive_attributes": [],
          "private": "bnVsbA=="
        }
      ]
    },
    {
      "mode": "managed",
      "type": "aws_iam_role_policy_attachment",
      "name": "AmazonEC2ContainerRegistryReadOnly",
      "provider": "provider[\"registry.terraform.io/hashicorp/aws\"]",
      "instances": [
        {
          "schema_version": 0,
          "attributes": {
            "id": "eks-node-group-example-20230829074143190200000001",
            "policy_arn": "arn:aws:iam::aws:policy/AmazonEC2ContainerRegistryReadOnly",
            "role": "eks-node-group-example"
          },
          "sensitive_attributes": [],
          "private": "bnVsbA==",
          "dependencies": [
            "aws_iam_role.workernodes"
          ]
        }
      ]
    },
    {
      "mode": "managed",
      "type": "aws_iam_role_policy_attachment",
      "name": "AmazonEC2ContainerRegistryReadOnly-EKS",
      "provider": "provider[\"registry.terraform.io/hashicorp/aws\"]",
      "instances": [
        {
          "schema_version": 0,
          "attributes": {
            "id": "Learning-eks-iam-role-20230829074143492500000005",
            "policy_arn": "arn:aws:iam::aws:policy/AmazonEC2ContainerRegistryReadOnly",
            "role": "Learning-eks-iam-role"
          },
          "sensitive_attributes": [],
          "private": "bnVsbA==",
          "dependencies": [
            "aws_iam_role.eks-iam-role"
          ]
        }
      ]
    },
    {
      "mode": "managed",
      "type": "aws_iam_role_policy_attachment",
      "name": "AmazonEKSClusterPolicy",
      "provider": "provider[\"registry.terraform.io/hashicorp/aws\"]",
      "instances": [
        {
          "schema_version": 0,
          "attributes": {
            "id": "Learning-eks-iam-role-20230829074143541200000006",
            "policy_arn": "arn:aws:iam::aws:policy/AmazonEKSClusterPolicy",
            "role": "Learning-eks-iam-role"
          },
          "sensitive_attributes": [],
          "private": "bnVsbA==",
          "dependencies": [
            "aws_iam_role.eks-iam-role"
          ]
        }
      ]
    },
    {
      "mode": "managed",
      "type": "aws_iam_role_policy_attachment",
      "name": "AmazonEKSWorkerNodePolicy",
      "provider": "provider[\"registry.terraform.io/hashicorp/aws\"]",
      "instances": [
        {
          "schema_version": 0,
          "attributes": {
            "id": "eks-node-group-example-20230829074143318200000003",
            "policy_arn": "arn:aws:iam::aws:policy/AmazonEKSWorkerNodePolicy",
            "role": "eks-node-group-example"
          },
          "sensitive_attributes": [],
          "private": "bnVsbA==",
          "dependencies": [
            "aws_iam_role.workernodes"
          ]
        }
      ]
    },
    {
      "mode": "managed",
      "type": "aws_iam_role_policy_attachment",
      "name": "AmazonEKS_CNI_Policy",
      "provider": "provider[\"registry.terraform.io/hashicorp/aws\"]",
      "instances": [
        {
          "schema_version": 0,
          "attributes": {
            "id": "eks-node-group-example-20230829074143211400000002",
            "policy_arn": "arn:aws:iam::aws:policy/AmazonEKS_CNI_Policy",
            "role": "eks-node-group-example"
          },
          "sensitive_attributes": [],
          "private": "bnVsbA==",
          "dependencies": [
            "aws_iam_role.workernodes"
          ]
        }
      ]
    },
    {
      "mode": "managed",
      "type": "aws_iam_role_policy_attachment",
      "name": "EC2InstanceProfileForImageBuilderECRContainerBuilds",
      "provider": "provider[\"registry.terraform.io/hashicorp/aws\"]",
      "instances": [
        {
          "schema_version": 0,
          "attributes": {
            "id": "eks-node-group-example-20230829074143325700000004",
            "policy_arn": "arn:aws:iam::aws:policy/EC2InstanceProfileForImageBuilderECRContainerBuilds",
            "role": "eks-node-group-example"
          },
          "sensitive_attributes": [],
          "private": "bnVsbA==",
          "dependencies": [
            "aws_iam_role.workernodes"
          ]
        }
      ]
    },
    {
      "mode": "managed",
      "type": "aws_instance",
      "name": "bastion",
      "provider": "provider[\"registry.terraform.io/hashicorp/aws\"]",
      "instances": [
        {
          "schema_version": 1,
          "attributes": {
            "ami": "ami-0f409bae3775dc8e5",
            "arn": "arn:aws:ec2:us-east-1:771370169183:instance/i-07d4590af59129b96",
            "associate_public_ip_address": true,
            "availability_zone": "us-east-1a",
            "capacity_reservation_specification": [
              {
                "capacity_reservation_preference": "open",
                "capacity_reservation_target": []
              }
            ],
            "cpu_core_count": 1,
            "cpu_options": [
              {
                "amd_sev_snp": "",
                "core_count": 1,
                "threads_per_core": 1
              }
            ],
            "cpu_threads_per_core": 1,
            "credit_specification": [
              {
                "cpu_credits": "standard"
              }
            ],
            "disable_api_stop": false,
            "disable_api_termination": false,
            "ebs_block_device": [],
            "ebs_optimized": false,
            "enclave_options": [
              {
                "enabled": false
              }
            ],
            "ephemeral_block_device": [],
            "get_password_data": false,
            "hibernation": false,
            "host_id": "",
            "host_resource_group_arn": null,
            "iam_instance_profile": "ssm",
            "id": "i-07d4590af59129b96",
            "instance_initiated_shutdown_behavior": "stop",
            "instance_lifecycle": "",
            "instance_market_options": [],
            "instance_state": "running",
            "instance_type": "t2.micro",
            "ipv6_address_count": 0,
            "ipv6_addresses": [],
            "key_name": "eks-learning",
            "launch_template": [],
            "maintenance_options": [
              {
                "auto_recovery": "default"
              }
            ],
            "metadata_options": [
              {
                "http_endpoint": "enabled",
                "http_protocol_ipv6": "disabled",
                "http_put_response_hop_limit": 1,
                "http_tokens": "optional",
                "instance_metadata_tags": "disabled"
              }
            ],
            "monitoring": false,
            "network_interface": [],
            "outpost_arn": "",
            "password_data": "",
            "placement_group": "",
            "placement_partition_number": 0,
            "primary_network_interface_id": "eni-01ca44e2b2666b298",
            "private_dns": "ip-10-0-1-209.ec2.internal",
            "private_dns_name_options": [
              {
                "enable_resource_name_dns_a_record": false,
                "enable_resource_name_dns_aaaa_record": false,
                "hostname_type": "ip-name"
              }
            ],
            "private_ip": "10.0.1.209",
            "public_dns": "",
            "public_ip": "44.195.86.172",
            "root_block_device": [
              {
                "delete_on_termination": true,
                "device_name": "/dev/xvda",
                "encrypted": false,
                "iops": 100,
                "kms_key_id": "",
                "tags": {},
                "throughput": 0,
                "volume_id": "vol-0121f076681a0c578",
                "volume_size": 8,
                "volume_type": "gp2"
              }
            ],
            "secondary_private_ips": [],
            "security_groups": [
              "sg-0a0a2eab5a7dd16bb"
            ],
            "source_dest_check": true,
            "spot_instance_request_id": "",
            "subnet_id": "subnet-0141198e30284b652",
            "tags": {
              "Name": "EKS-Bastion"
            },
            "tags_all": {
              "Name": "EKS-Bastion"
            },
            "tenancy": "default",
            "timeouts": null,
            "user_data": "dcd739161f01b0159d0ee7144226ebba6c26212d",
            "user_data_base64": null,
            "user_data_replace_on_change": false,
            "volume_tags": null,
            "vpc_security_group_ids": [
              "sg-0a0a2eab5a7dd16bb"
            ]
          },
          "sensitive_attributes": [],
          "private": "eyJlMmJmYjczMC1lY2FhLTExZTYtOGY4OC0zNDM2M2JjN2M0YzAiOnsiY3JlYXRlIjo2MDAwMDAwMDAwMDAsImRlbGV0ZSI6MTIwMDAwMDAwMDAwMCwidXBkYXRlIjo2MDAwMDAwMDAwMDB9LCJzY2hlbWFfdmVyc2lvbiI6IjEifQ==",
          "dependencies": [
            "aws_iam_instance_profile.ssm-profile",
            "aws_iam_role.ssm-role",
            "aws_security_group.allow_ssh_icmp",
            "data.aws_ami.amazon-linux",
            "data.template_file.startup"
          ]
        }
      ]
    },
    {
      "mode": "managed",
      "type": "aws_security_group",
      "name": "allow_ssh_icmp",
      "provider": "provider[\"registry.terraform.io/hashicorp/aws\"]",
      "instances": [
        {
          "schema_version": 1,
          "attributes": {
            "arn": "arn:aws:ec2:us-east-1:771370169183:security-group/sg-0a0a2eab5a7dd16bb",
            "description": "Allow SSH and ALL ICMP IPV4 inbound traffic",
            "egress": [
              {
                "cidr_blocks": [
                  "0.0.0.0/0"
                ],
                "description": "",
                "from_port": 0,
                "ipv6_cidr_blocks": [],
                "prefix_list_ids": [],
                "protocol": "-1",
                "security_groups": [],
                "self": false,
                "to_port": 0
              }
            ],
            "id": "sg-0a0a2eab5a7dd16bb",
            "ingress": [
              {
                "cidr_blocks": [
                  "10.0.0.0/16"
                ],
                "description": "ALL ICMP IPV4 from VPC",
                "from_port": -1,
                "ipv6_cidr_blocks": [],
                "prefix_list_ids": [],
                "protocol": "icmp",
                "security_groups": [],
                "self": false,
                "to_port": -1
              },
              {
                "cidr_blocks": [
                  "10.0.0.0/16"
                ],
                "description": "SSH from VPC",
                "from_port": 22,
                "ipv6_cidr_blocks": [],
                "prefix_list_ids": [],
                "protocol": "tcp",
                "security_groups": [],
                "self": false,
                "to_port": 22
              }
            ],
            "name": "allow_ssh_icmp",
            "name_prefix": "",
            "owner_id": "771370169183",
            "revoke_rules_on_delete": false,
            "tags": {
              "Name": "allow_ssh"
            },
            "tags_all": {
              "Name": "allow_ssh"
            },
            "timeouts": null,
            "vpc_id": "vpc-00b49215616b433a0"
          },
          "sensitive_attributes": [],
          "private": "eyJlMmJmYjczMC1lY2FhLTExZTYtOGY4OC0zNDM2M2JjN2M0YzAiOnsiY3JlYXRlIjo2MDAwMDAwMDAwMDAsImRlbGV0ZSI6OTAwMDAwMDAwMDAwfSwic2NoZW1hX3ZlcnNpb24iOiIxIn0="
        }
      ]
    }
  ],
  "check_results": null
}
