{
  "version": 4,
  "terraform_version": "1.5.6",
  "serial": 76,
  "lineage": "8c4290cf-0cf5-024a-b535-51dd81cd6e12",
  "outputs": {},
  "resources": [
    {
      "mode": "data",
      "type": "aws_ami",
      "name": "amazon-linux",
      "provider": "provider[\"registry.terraform.io/hashicorp/aws\"]",
      "instances": [
        {
          "schema_version": 0,
          "attributes": {
            "architecture": "x86_64",
            "arn": "arn:aws:ec2:us-east-1::image/ami-0f409bae3775dc8e5",
            "block_device_mappings": [
              {
                "device_name": "/dev/xvda",
                "ebs": {
                  "delete_on_termination": "true",
                  "encrypted": "false",
                  "iops": "0",
                  "snapshot_id": "snap-0b41aa919c7bcb5a6",
                  "throughput": "0",
                  "volume_size": "8",
                  "volume_type": "gp2"
                },
                "no_device": "",
                "virtual_name": ""
              }
            ],
            "boot_mode": "",
            "creation_date": "2023-08-22T20:00:04.000Z",
            "deprecation_time": "2024-01-01T00:00:00.000Z",
            "description": "Amazon Linux 2 Kernel 5.10 AMI 2.0.20230822.0 x86_64 HVM gp2",
            "ena_support": true,
            "executable_users": null,
            "filter": [
              {
                "name": "architecture",
                "values": [
                  "x86_64"
                ]
              },
              {
                "name": "name",
                "values": [
                  "amzn2-ami-kernel-5.10-hvm*"
                ]
              },
              {
                "name": "owner-alias",
                "values": [
                  "amazon"
                ]
              }
            ],
            "hypervisor": "xen",
            "id": "ami-0f409bae3775dc8e5",
            "image_id": "ami-0f409bae3775dc8e5",
            "image_location": "amazon/amzn2-ami-kernel-5.10-hvm-2.0.20230822.0-x86_64-gp2",
            "image_owner_alias": "amazon",
            "image_type": "machine",
            "imds_support": "",
            "include_deprecated": false,
            "kernel_id": "",
            "most_recent": true,
            "name": "amzn2-ami-kernel-5.10-hvm-2.0.20230822.0-x86_64-gp2",
            "name_regex": null,
            "owner_id": "137112412989",
            "owners": [
              "amazon"
            ],
            "platform": "",
            "platform_details": "Linux/UNIX",
            "product_codes": [],
            "public": true,
            "ramdisk_id": "",
            "root_device_name": "/dev/xvda",
            "root_device_type": "ebs",
            "root_snapshot_id": "snap-0b41aa919c7bcb5a6",
            "sriov_net_support": "simple",
            "state": "available",
            "state_reason": {
              "code": "UNSET",
              "message": "UNSET"
            },
            "tags": {},
            "timeouts": null,
            "tpm_support": "",
            "usage_operation": "RunInstances",
            "virtualization_type": "hvm"
          },
          "sensitive_attributes": []
        }
      ]
    },
    {
      "mode": "managed",
      "type": "aws_eks_cluster",
      "name": "Learning-eks",
      "provider": "provider[\"registry.terraform.io/hashicorp/aws\"]",
      "instances": [
        {
          "schema_version": 0,
          "attributes": {
            "arn": "arn:aws:eks:us-east-1:771370169183:cluster/Learning-cluster",
            "certificate_authority": [
              {
                "data": "LS0tLS1CRUdJTiBDRVJUSUZJQ0FURS0tLS0tCk1JSURCVENDQWUyZ0F3SUJBZ0lJZFlJWmcvOHFNTmt3RFFZSktvWklodmNOQVFFTEJRQXdGVEVUTUJFR0ExVUUKQXhNS2EzVmlaWEp1WlhSbGN6QWVGdzB5TXpBNE1qZ3hOakE0TUROYUZ3MHpNekE0TWpVeE5qQTRNRE5hTUJVeApFekFSQmdOVkJBTVRDbXQxWW1WeWJtVjBaWE13Z2dFaU1BMEdDU3FHU0liM0RRRUJBUVVBQTRJQkR3QXdnZ0VLCkFvSUJBUURNRUJOSHJCZ25ZV2JXYmVuT25aUTgyc3RjOW1ONTVUZk94bTZ2S0Y0VUUraEJYcXI0c0Y0bnJjdmsKU0l0MFk5Y2NaTyt4bVRMRGZSajF6V2d4ZGZZMkMvOVhrWGEyVDVNRjNXQitJc1ZWZnJHUU5PaGE4aFI3YTY1bwpWazhKSi9ETm9PZVRVY2NkRFRKYkN2OEhaR2k1cUdLRlRVancrbEsxb3N2L0k4TmRKNlNiTk1HV0R0amdTdmxpCmtIaWVCcUlpcG9QdXEvZWt4V3laVVAvT2VQWWJySTZNMVNmTnRRUllUalNlN3RBdHFwZE9UYXdwS0FvZExmT0IKeGR5bkFrdlhoZVUxeGQzK0g2TUdZZ1MrNmtJenFFYTh2NHgzZUdYVUUxc28zUHVGdk1UMXNIajh5VzhVb3lnYwpxRDcyK1FmL3N4Q1ZTR0JNQXhTUWlCRmdhVlA3QWdNQkFBR2pXVEJYTUE0R0ExVWREd0VCL3dRRUF3SUNwREFQCkJnTlZIUk1CQWY4RUJUQURBUUgvTUIwR0ExVWREZ1FXQkJUMVkwVVNSVDJJYWpvckJiMy9uaHZKL2dBK05qQVYKQmdOVkhSRUVEakFNZ2dwcmRXSmxjbTVsZEdWek1BMEdDU3FHU0liM0RRRUJDd1VBQTRJQkFRQnBzUmU1d2F4UAppSllKK3BPZnZjVWw0NUhuTGhmRUg4c0xMN1RFSVlSNHBYMWFZaGZ1OUw2RHhiS1cvOUp2T2tORzdjdGpJWUhnCnlUM2lzRzhxR3pFUVdPeEpZcW93dXVGWEJJT0dYai9pbUVydWZCNURKQnRVK3FVcnBqU1A5OHNlNlFSTjRVaUMKaDl2VDdLTHhUT1J4YkdxYS9hanU0bzMxN05URERvWTBuN0pzSFFNZDBUUGtkOHhCa2Ftc25FWHJhUzdtdVppQwpwUkxyc1pya2FmVTBKTGFxeEo5NGNNdXRYTmhXUzYwbVgvbWdJTU8zOTRvbTRiaXFxbGwwMk5rdGtJaW95M1JQClh0SDdGNmFDVFAycGJOUmRNcjkvWVovSlFydEZxeFMwd2RsRFh4a09nYytxVjBEajBQS1BDYnhXVHNYNnl5bFAKaDluZlZiVTlMLzFDCi0tLS0tRU5EIENFUlRJRklDQVRFLS0tLS0K"
              }
            ],
            "cluster_id": null,
            "created_at": "2023-08-28 16:02:55.958 +0000 UTC",
            "enabled_cluster_log_types": [],
            "encryption_config": [],
            "endpoint": "https://B9542E25FF034FBE94148490982ADA01.gr7.us-east-1.eks.amazonaws.com",
            "id": "Learning-cluster",
            "identity": [
              {
                "oidc": [
                  {
                    "issuer": "https://oidc.eks.us-east-1.amazonaws.com/id/B9542E25FF034FBE94148490982ADA01"
                  }
                ]
              }
            ],
            "kubernetes_network_config": [
              {
                "ip_family": "ipv4",
                "service_ipv4_cidr": "172.20.0.0/16",
                "service_ipv6_cidr": ""
              }
            ],
            "name": "Learning-cluster",
            "outpost_config": [],
            "platform_version": "eks.5",
            "role_arn": "arn:aws:iam::771370169183:role/Learning-eks-iam-role",
            "status": "ACTIVE",
            "tags": {},
            "tags_all": {},
            "timeouts": null,
            "version": "1.27",
            "vpc_config": [
              {
                "cluster_security_group_id": "sg-0805077e3e1ce9ac7",
                "endpoint_private_access": false,
                "endpoint_public_access": true,
                "public_access_cidrs": [
                  "0.0.0.0/0"
                ],
                "security_group_ids": [],
                "subnet_ids": [
                  "subnet-03701e76c2d869634",
                  "subnet-0d153c8af45cd080a"
                ],
                "vpc_id": "vpc-00830770cff6eeae8"
              }
            ]
          },
          "sensitive_attributes": [],
          "private": "eyJlMmJmYjczMC1lY2FhLTExZTYtOGY4OC0zNDM2M2JjN2M0YzAiOnsiY3JlYXRlIjoxODAwMDAwMDAwMDAwLCJkZWxldGUiOjkwMDAwMDAwMDAwMCwidXBkYXRlIjozNjAwMDAwMDAwMDAwfX0=",
          "dependencies": [
            "aws_iam_role.eks-iam-role"
          ]
        }
      ]
    },
    {
      "mode": "managed",
      "type": "aws_eks_node_group",
      "name": "worker-node-group",
      "provider": "provider[\"registry.terraform.io/hashicorp/aws\"]",
      "instances": [
        {
          "schema_version": 0,
          "attributes": {
            "ami_type": "AL2_x86_64",
            "arn": "arn:aws:eks:us-east-1:771370169183:nodegroup/Learning-cluster/Learning-workernodes/40c51e75-1f0f-8a6a-5378-2df798ae9896",
            "capacity_type": "ON_DEMAND",
            "cluster_name": "Learning-cluster",
            "disk_size": 20,
            "force_update_version": null,
            "id": "Learning-cluster:Learning-workernodes",
            "instance_types": [
              "t3.xlarge"
            ],
            "labels": {},
            "launch_template": [],
            "node_group_name": "Learning-workernodes",
            "node_group_name_prefix": "",
            "node_role_arn": "arn:aws:iam::771370169183:role/eks-node-group-example",
            "release_version": "1.27.3-20230816",
            "remote_access": [],
            "resources": [
              {
                "autoscaling_groups": [
                  {
                    "name": "eks-Learning-workernodes-40c51e75-1f0f-8a6a-5378-2df798ae9896"
                  }
                ],
                "remote_access_security_group_id": ""
              }
            ],
            "scaling_config": [
              {
                "desired_size": 1,
                "max_size": 1,
                "min_size": 1
              }
            ],
            "status": "ACTIVE",
            "subnet_ids": [
              "subnet-03701e76c2d869634",
              "subnet-0d153c8af45cd080a"
            ],
            "tags": {},
            "tags_all": {},
            "taint": [],
            "timeouts": null,
            "update_config": [
              {
                "max_unavailable": 1,
                "max_unavailable_percentage": 0
              }
            ],
            "version": "1.27"
          },
          "sensitive_attributes": [],
          "private": "eyJlMmJmYjczMC1lY2FhLTExZTYtOGY4OC0zNDM2M2JjN2M0YzAiOnsiY3JlYXRlIjozNjAwMDAwMDAwMDAwLCJkZWxldGUiOjM2MDAwMDAwMDAwMDAsInVwZGF0ZSI6MzYwMDAwMDAwMDAwMH19",
          "dependencies": [
            "aws_eks_cluster.Learning-eks",
            "aws_iam_role.eks-iam-role",
            "aws_iam_role.workernodes",
            "aws_iam_role_policy_attachment.AmazonEKSWorkerNodePolicy",
            "aws_iam_role_policy_attachment.AmazonEKS_CNI_Policy"
          ]
        }
      ]
    },
    {
      "mode": "managed",
      "type": "aws_iam_instance_profile",
      "name": "ssm-profile",
      "provider": "provider[\"registry.terraform.io/hashicorp/aws\"]",
      "instances": [
        {
          "schema_version": 0,
          "attributes": {
            "arn": "arn:aws:iam::771370169183:instance-profile/ssm",
            "create_date": "2023-08-28T16:44:15Z",
            "id": "ssm",
            "name": "ssm",
            "name_prefix": "",
            "path": "/",
            "role": "ec2_role",
            "tags": {},
            "tags_all": {},
            "unique_id": "AIPA3HGJ6WNPS4J32NK5A"
          },
          "sensitive_attributes": [],
          "private": "bnVsbA==",
          "dependencies": [
            "aws_iam_role.ssm-role"
          ]
        }
      ]
    },
    {
      "mode": "managed",
      "type": "aws_iam_policy",
      "name": "ssm-access-ec2",
      "provider": "provider[\"registry.terraform.io/hashicorp/aws\"]",
      "instances": [
        {
          "schema_version": 0,
          "attributes": {
            "arn": "arn:aws:iam::771370169183:policy/SSM-Access-Policy",
            "description": "Provides permission to access SSM",
            "id": "arn:aws:iam::771370169183:policy/SSM-Access-Policy",
            "name": "SSM-Access-Policy",
            "name_prefix": "",
            "path": "/",
            "policy": "{\"Statement\":[{\"Action\":[\"ssm:DescribeAssociation\",\"ssm:GetDeployablePatchSnapshotForInstance\",\"ssm:GetDocument\",\"ssm:DescribeDocument\",\"ssm:GetManifest\",\"ssm:GetParameter\",\"ssm:GetParameters\",\"ssm:ListAssociations\",\"ssm:ListInstanceAssociations\",\"ssm:PutInventory\",\"ssm:PutComplianceItems\",\"ssm:PutConfigurePackageResult\",\"ssm:UpdateAssociationStatus\",\"ssm:UpdateInstanceAssociationStatus\",\"ssm:UpdateInstanceInformation\"],\"Effect\":\"Allow\",\"Resource\":\"*\"},{\"Action\":[\"ssmmessages:CreateControlChannel\",\"ssmmessages:CreateDataChannel\",\"ssmmessages:OpenControlChannel\",\"ssmmessages:OpenDataChannel\"],\"Effect\":\"Allow\",\"Resource\":\"*\"},{\"Action\":[\"ec2messages:AcknowledgeMessage\",\"ec2messages:DeleteMessage\",\"ec2messages:FailMessage\",\"ec2messages:GetEndpoint\",\"ec2messages:GetMessages\",\"ec2messages:SendReply\"],\"Effect\":\"Allow\",\"Resource\":\"*\"},{\"Action\":\"ssm:DescribeEffectivePatchesForPatchBaseline\",\"Effect\":\"Allow\",\"Resource\":\"arn:aws:ssm:*:*:patchbaseline/*\"},{\"Action\":\"ssm:GetPatchBaseline\",\"Effect\":\"Allow\",\"Resource\":\"arn:aws:ssm:*:*:patchbaseline/*\"},{\"Action\":\"tag:GetResources\",\"Effect\":\"Allow\",\"Resource\":\"*\"},{\"Action\":\"ssm:DescribePatchBaselines\",\"Effect\":\"Allow\",\"Resource\":\"*\"}],\"Version\":\"2012-10-17\"}",
            "policy_id": "ANPA3HGJ6WNP26RHWSF36",
            "tags": {},
            "tags_all": {}
          },
          "sensitive_attributes": [],
          "private": "bnVsbA=="
        }
      ]
    },
    {
      "mode": "managed",
      "type": "aws_iam_policy_attachment",
      "name": "ssm-attach",
      "provider": "provider[\"registry.terraform.io/hashicorp/aws\"]",
      "instances": [
        {
          "schema_version": 0,
          "attributes": {
            "groups": [],
            "id": "ssm-attachment",
            "name": "ssm-attachment",
            "policy_arn": "arn:aws:iam::771370169183:policy/SSM-Access-Policy",
            "roles": [
              "ec2_role"
            ],
            "users": []
          },
          "sensitive_attributes": [],
          "private": "bnVsbA==",
          "dependencies": [
            "aws_iam_policy.ssm-access-ec2",
            "aws_iam_role.ssm-role"
          ]
        }
      ]
    },
    {
      "mode": "managed",
      "type": "aws_iam_role",
      "name": "eks-iam-role",
      "provider": "provider[\"registry.terraform.io/hashicorp/aws\"]",
      "instances": [
        {
          "schema_version": 0,
          "attributes": {
            "arn": "arn:aws:iam::771370169183:role/Learning-eks-iam-role",
            "assume_role_policy": "{\"Statement\":[{\"Action\":\"sts:AssumeRole\",\"Effect\":\"Allow\",\"Principal\":{\"Service\":\"eks.amazonaws.com\"}}],\"Version\":\"2012-10-17\"}",
            "create_date": "2023-08-28T16:02:52Z",
            "description": "",
            "force_detach_policies": false,
            "id": "Learning-eks-iam-role",
            "inline_policy": [],
            "managed_policy_arns": [
              "arn:aws:iam::aws:policy/AmazonEC2ContainerRegistryReadOnly",
              "arn:aws:iam::aws:policy/AmazonEKSClusterPolicy"
            ],
            "max_session_duration": 3600,
            "name": "Learning-eks-iam-role",
            "name_prefix": "",
            "path": "/",
            "permissions_boundary": null,
            "tags": {},
            "tags_all": {},
            "unique_id": "AROA3HGJ6WNPZAJFMG4SO"
          },
          "sensitive_attributes": [],
          "private": "bnVsbA=="
        }
      ]
    },
    {
      "mode": "managed",
      "type": "aws_iam_role",
      "name": "ssm-role",
      "provider": "provider[\"registry.terraform.io/hashicorp/aws\"]",
      "instances": [
        {
          "schema_version": 0,
          "attributes": {
            "arn": "arn:aws:iam::771370169183:role/ec2_role",
            "assume_role_policy": "{\"Statement\":[{\"Action\":\"sts:AssumeRole\",\"Effect\":\"Allow\",\"Principal\":{\"Service\":\"ec2.amazonaws.com\"},\"Sid\":\"RoleForEC2\"}],\"Version\":\"2012-10-17\"}",
            "create_date": "2023-08-28T16:44:14Z",
            "description": "",
            "force_detach_policies": false,
            "id": "ec2_role",
            "inline_policy": [],
            "managed_policy_arns": [
              "arn:aws:iam::771370169183:policy/SSM-Access-Policy"
            ],
            "max_session_duration": 3600,
            "name": "ec2_role",
            "name_prefix": "",
            "path": "/",
            "permissions_boundary": null,
            "tags": {},
            "tags_all": {},
            "unique_id": "AROA3HGJ6WNPWXLQV5NIU"
          },
          "sensitive_attributes": [],
          "private": "bnVsbA=="
        }
      ]
    },
    {
      "mode": "managed",
      "type": "aws_iam_role",
      "name": "workernodes",
      "provider": "provider[\"registry.terraform.io/hashicorp/aws\"]",
      "instances": [
        {
          "schema_version": 0,
          "attributes": {
            "arn": "arn:aws:iam::771370169183:role/eks-node-group-example",
            "assume_role_policy": "{\"Statement\":[{\"Action\":\"sts:AssumeRole\",\"Effect\":\"Allow\",\"Principal\":{\"Service\":\"ec2.amazonaws.com\"}}],\"Version\":\"2012-10-17\"}",
            "create_date": "2023-08-28T16:02:52Z",
            "description": "",
            "force_detach_policies": false,
            "id": "eks-node-group-example",
            "inline_policy": [],
            "managed_policy_arns": [
              "arn:aws:iam::aws:policy/AmazonEC2ContainerRegistryReadOnly",
              "arn:aws:iam::aws:policy/AmazonEKSWorkerNodePolicy",
              "arn:aws:iam::aws:policy/AmazonEKS_CNI_Policy",
              "arn:aws:iam::aws:policy/EC2InstanceProfileForImageBuilderECRContainerBuilds"
            ],
            "max_session_duration": 3600,
            "name": "eks-node-group-example",
            "name_prefix": "",
            "path": "/",
            "permissions_boundary": null,
            "tags": {},
            "tags_all": {},
            "unique_id": "AROA3HGJ6WNPV3IU3LLAJ"
          },
          "sensitive_attributes": [],
          "private": "bnVsbA=="
        }
      ]
    },
    {
      "mode": "managed",
      "type": "aws_iam_role_policy_attachment",
      "name": "AmazonEC2ContainerRegistryReadOnly",
      "provider": "provider[\"registry.terraform.io/hashicorp/aws\"]",
      "instances": [
        {
          "schema_version": 0,
          "attributes": {
            "id": "eks-node-group-example-20230828160251968800000003",
            "policy_arn": "arn:aws:iam::aws:policy/AmazonEC2ContainerRegistryReadOnly",
            "role": "eks-node-group-example"
          },
          "sensitive_attributes": [],
          "private": "bnVsbA==",
          "dependencies": [
            "aws_iam_role.workernodes"
          ]
        }
      ]
    },
    {
      "mode": "managed",
      "type": "aws_iam_role_policy_attachment",
      "name": "AmazonEC2ContainerRegistryReadOnly-EKS",
      "provider": "provider[\"registry.terraform.io/hashicorp/aws\"]",
      "instances": [
        {
          "schema_version": 0,
          "attributes": {
            "id": "Learning-eks-iam-role-20230828160252301700000005",
            "policy_arn": "arn:aws:iam::aws:policy/AmazonEC2ContainerRegistryReadOnly",
            "role": "Learning-eks-iam-role"
          },
          "sensitive_attributes": [],
          "private": "bnVsbA==",
          "dependencies": [
            "aws_iam_role.eks-iam-role"
          ]
        }
      ]
    },
    {
      "mode": "managed",
      "type": "aws_iam_role_policy_attachment",
      "name": "AmazonEKSClusterPolicy",
      "provider": "provider[\"registry.terraform.io/hashicorp/aws\"]",
      "instances": [
        {
          "schema_version": 0,
          "attributes": {
            "id": "Learning-eks-iam-role-20230828160252352100000006",
            "policy_arn": "arn:aws:iam::aws:policy/AmazonEKSClusterPolicy",
            "role": "Learning-eks-iam-role"
          },
          "sensitive_attributes": [],
          "private": "bnVsbA==",
          "dependencies": [
            "aws_iam_role.eks-iam-role"
          ]
        }
      ]
    },
    {
      "mode": "managed",
      "type": "aws_iam_role_policy_attachment",
      "name": "AmazonEKSWorkerNodePolicy",
      "provider": "provider[\"registry.terraform.io/hashicorp/aws\"]",
      "instances": [
        {
          "schema_version": 0,
          "attributes": {
            "id": "eks-node-group-example-20230828160252030900000004",
            "policy_arn": "arn:aws:iam::aws:policy/AmazonEKSWorkerNodePolicy",
            "role": "eks-node-group-example"
          },
          "sensitive_attributes": [],
          "private": "bnVsbA==",
          "dependencies": [
            "aws_iam_role.workernodes"
          ]
        }
      ]
    },
    {
      "mode": "managed",
      "type": "aws_iam_role_policy_attachment",
      "name": "AmazonEKS_CNI_Policy",
      "provider": "provider[\"registry.terraform.io/hashicorp/aws\"]",
      "instances": [
        {
          "schema_version": 0,
          "attributes": {
            "id": "eks-node-group-example-20230828160251668500000001",
            "policy_arn": "arn:aws:iam::aws:policy/AmazonEKS_CNI_Policy",
            "role": "eks-node-group-example"
          },
          "sensitive_attributes": [],
          "private": "bnVsbA==",
          "dependencies": [
            "aws_iam_role.workernodes"
          ]
        }
      ]
    },
    {
      "mode": "managed",
      "type": "aws_iam_role_policy_attachment",
      "name": "EC2InstanceProfileForImageBuilderECRContainerBuilds",
      "provider": "provider[\"registry.terraform.io/hashicorp/aws\"]",
      "instances": [
        {
          "schema_version": 0,
          "attributes": {
            "id": "eks-node-group-example-20230828160251692000000002",
            "policy_arn": "arn:aws:iam::aws:policy/EC2InstanceProfileForImageBuilderECRContainerBuilds",
            "role": "eks-node-group-example"
          },
          "sensitive_attributes": [],
          "private": "bnVsbA==",
          "dependencies": [
            "aws_iam_role.workernodes"
          ]
        }
      ]
    },
    {
      "mode": "managed",
      "type": "aws_instance",
      "name": "bastion",
      "provider": "provider[\"registry.terraform.io/hashicorp/aws\"]",
      "instances": [
        {
          "schema_version": 1,
          "attributes": {
            "ami": "ami-0f409bae3775dc8e5",
            "arn": "arn:aws:ec2:us-east-1:771370169183:instance/i-0100b115811bae84b",
            "associate_public_ip_address": true,
            "availability_zone": "us-east-1a",
            "capacity_reservation_specification": [
              {
                "capacity_reservation_preference": "open",
                "capacity_reservation_target": []
              }
            ],
            "cpu_core_count": 1,
            "cpu_options": [
              {
                "amd_sev_snp": "",
                "core_count": 1,
                "threads_per_core": 1
              }
            ],
            "cpu_threads_per_core": 1,
            "credit_specification": [
              {
                "cpu_credits": "standard"
              }
            ],
            "disable_api_stop": false,
            "disable_api_termination": false,
            "ebs_block_device": [],
            "ebs_optimized": false,
            "enclave_options": [
              {
                "enabled": false
              }
            ],
            "ephemeral_block_device": [],
            "get_password_data": false,
            "hibernation": false,
            "host_id": "",
            "host_resource_group_arn": null,
            "iam_instance_profile": "ssm",
            "id": "i-0100b115811bae84b",
            "instance_initiated_shutdown_behavior": "stop",
            "instance_lifecycle": "",
            "instance_market_options": [],
            "instance_state": "running",
            "instance_type": "t2.micro",
            "ipv6_address_count": 0,
            "ipv6_addresses": [],
            "key_name": "eks-learning",
            "launch_template": [],
            "maintenance_options": [
              {
                "auto_recovery": "default"
              }
            ],
            "metadata_options": [
              {
                "http_endpoint": "enabled",
                "http_protocol_ipv6": "disabled",
                "http_put_response_hop_limit": 1,
                "http_tokens": "optional",
                "instance_metadata_tags": "disabled"
              }
            ],
            "monitoring": false,
            "network_interface": [],
            "outpost_arn": "",
            "password_data": "",
            "placement_group": "",
            "placement_partition_number": 0,
            "primary_network_interface_id": "eni-0ec439f3ff9d04ca8",
            "private_dns": "ip-10-0-1-140.ec2.internal",
            "private_dns_name_options": [
              {
                "enable_resource_name_dns_a_record": false,
                "enable_resource_name_dns_aaaa_record": false,
                "hostname_type": "ip-name"
              }
            ],
            "private_ip": "10.0.1.140",
            "public_dns": "",
            "public_ip": "3.235.18.95",
            "root_block_device": [
              {
                "delete_on_termination": true,
                "device_name": "/dev/xvda",
                "encrypted": false,
                "iops": 100,
                "kms_key_id": "",
                "tags": {},
                "throughput": 0,
                "volume_id": "vol-0929e15fb86cc7cdc",
                "volume_size": 8,
                "volume_type": "gp2"
              }
            ],
            "secondary_private_ips": [],
            "security_groups": [
              "sg-01598c4393279ac09"
            ],
            "source_dest_check": true,
            "spot_instance_request_id": "",
            "subnet_id": "subnet-03701e76c2d869634",
            "tags": {
              "Name": "EKS-Bastion"
            },
            "tags_all": {
              "Name": "EKS-Bastion"
            },
            "tenancy": "default",
            "timeouts": null,
            "user_data": null,
            "user_data_base64": null,
            "user_data_replace_on_change": false,
            "volume_tags": null,
            "vpc_security_group_ids": [
              "sg-01598c4393279ac09"
            ]
          },
          "sensitive_attributes": [],
          "private": "eyJlMmJmYjczMC1lY2FhLTExZTYtOGY4OC0zNDM2M2JjN2M0YzAiOnsiY3JlYXRlIjo2MDAwMDAwMDAwMDAsImRlbGV0ZSI6MTIwMDAwMDAwMDAwMCwidXBkYXRlIjo2MDAwMDAwMDAwMDB9LCJzY2hlbWFfdmVyc2lvbiI6IjEifQ==",
          "dependencies": [
            "aws_iam_instance_profile.ssm-profile",
            "aws_security_group.allow_ssh_icmp",
            "data.aws_ami.amazon-linux"
          ]
        }
      ]
    },
    {
      "mode": "managed",
      "type": "aws_security_group",
      "name": "allow_ssh_icmp",
      "provider": "provider[\"registry.terraform.io/hashicorp/aws\"]",
      "instances": [
        {
          "schema_version": 1,
          "attributes": {
            "arn": "arn:aws:ec2:us-east-1:771370169183:security-group/sg-01598c4393279ac09",
            "description": "Allow SSH and ALL ICMP IPV4 inbound traffic",
            "egress": [
              {
                "cidr_blocks": [
                  "0.0.0.0/0"
                ],
                "description": "",
                "from_port": 0,
                "ipv6_cidr_blocks": [],
                "prefix_list_ids": [],
                "protocol": "-1",
                "security_groups": [],
                "self": false,
                "to_port": 0
              }
            ],
            "id": "sg-01598c4393279ac09",
            "ingress": [
              {
                "cidr_blocks": [
                  "10.0.0.0/16"
                ],
                "description": "ALL ICMP IPV4 from VPC",
                "from_port": -1,
                "ipv6_cidr_blocks": [],
                "prefix_list_ids": [],
                "protocol": "icmp",
                "security_groups": [],
                "self": false,
                "to_port": -1
              },
              {
                "cidr_blocks": [
                  "10.0.0.0/16"
                ],
                "description": "SSH from VPC",
                "from_port": 22,
                "ipv6_cidr_blocks": [],
                "prefix_list_ids": [],
                "protocol": "tcp",
                "security_groups": [],
                "self": false,
                "to_port": 22
              }
            ],
            "name": "allow_ssh_icmp",
            "name_prefix": "",
            "owner_id": "771370169183",
            "revoke_rules_on_delete": false,
            "tags": {
              "Name": "allow_ssh"
            },
            "tags_all": {
              "Name": "allow_ssh"
            },
            "timeouts": null,
            "vpc_id": "vpc-00830770cff6eeae8"
          },
          "sensitive_attributes": [],
          "private": "eyJlMmJmYjczMC1lY2FhLTExZTYtOGY4OC0zNDM2M2JjN2M0YzAiOnsiY3JlYXRlIjo2MDAwMDAwMDAwMDAsImRlbGV0ZSI6OTAwMDAwMDAwMDAwfSwic2NoZW1hX3ZlcnNpb24iOiIxIn0="
        }
      ]
    },
    {
      "mode": "managed",
      "type": "aws_ssm_document",
      "name": "ssm-access",
      "provider": "provider[\"registry.terraform.io/hashicorp/aws\"]",
      "instances": [
        {
          "schema_version": 0,
          "attributes": {
            "arn": "arn:aws:ssm:us-east-1:771370169183:document/ec2-ssm-access",
            "attachments_source": [],
            "content": "{\n  \"schemaVersion\": \"2.2\",\n  \"description\": \"Update the Amazon SSM Agent to the latest version or specified version.\",\n  \"parameters\": {\n    \"version\": {\n      \"default\": \"\",\n      \"description\": \"(Optional) A specific version of the Amazon SSM Agent to install. If not specified, the agent will be updated to the latest version.\",\n      \"type\": \"String\"\n    },\n    \"allowDowngrade\": {\n      \"default\": \"false\",\n      \"description\": \"(Optional) Allow the Amazon SSM Agent service to be downgraded to an earlier version. If set to false, the service can be upgraded to newer versions only (default). If set to true, specify the earlier version.\",\n      \"type\": \"String\",\n      \"allowedValues\": [\n        \"true\",\n        \"false\"\n      ]\n    }\n  },\n  \"mainSteps\": [\n    {\n      \"action\": \"aws:runPowerShellScript\",\n      \"name\": \"createUpdateFolder\",\n      \"precondition\": {\n        \"StringEquals\": [\n          \"platformType\",\n          \"Windows\"\n        ]\n      },\n      \"inputs\": {\n        \"runCommand\": [\n          \"try {\",\n          \"  $sku = (Get-CimInstance -ClassName Win32_OperatingSystem).OperatingSystemSKU\",\n          \"  if ($sku -eq 143 -or $sku -eq 144) {\",\n          \"    Write-Host \\\"This document is not supported on Windows 2016 Nano Server.\\\"\",\n          \"    exit 40\",\n          \"  }\",\n          \"  $ssmAgentService = Get-ItemProperty 'HKLM:SYSTEM\\\\\\\\CurrentControlSet\\\\\\\\Services\\\\\\\\AmazonSSMAgent\\\\\\\\'\",\n          \"  if ($ssmAgentService -and [System.Version]$ssmAgentService.Version -ge [System.Version]'3.0.1031.0') {\",\n          \"     exit 0\",\n          \"  }\",\n          \"  $DataFolder = \\\"Application Data\\\"\",\n          \"  if ( ![string]::IsNullOrEmpty($env:ProgramData) ) {\",\n          \"    $DataFolder = $env:ProgramData\",\n          \"  } elseif ( ![string]::IsNullOrEmpty($env:AllUsersProfile) ) {\",\n          \"    $DataFolder = \\\"$env:AllUsersProfile\\\\Application Data\\\"\",\n          \"  }\",\n          \"  $TempFolder = \\\"/\\\"\",\n          \"  if ( $env:Temp -ne $null ) {\",\n          \"    $TempFolder = $env:Temp\",\n          \"  }\",\n          \"  $DataFolder = Join-Path $DataFolder 'Amazon\\\\SSM'\",\n          \"  $UpdateFolder = Join-Path $TempFolder 'Amazon\\\\SSM'\",\n          \"  if ( !( Test-Path -LiteralPath $DataFolder )) {\",\n          \"    $none = New-Item -ItemType directory -Path $DataFolder\",\n          \"  }\",\n          \"  $DataACL = Get-Acl $DataFolder\",\n          \"  if ( Test-Path -LiteralPath $UpdateFolder ) {\",\n          \"    $UpdateACL = Get-Acl $UpdateFolder\",\n          \"    $ACLDiff = Compare-Object ($UpdateACL.AccessToString) ($DataACL.AccessToString)\",\n          \"    if ( $ACLDiff.count -eq 0 ) {\",\n          \"      exit 0\",\n          \"    }\",\n          \"    Remove-Item $UpdateFolder -Recurse -Force\",\n          \"  }\",\n          \"  $none = New-Item -ItemType directory -Path $UpdateFolder\",\n          \"  Set-Acl $UpdateFolder -aclobject $DataACL\",\n          \"  $UpdateACL = Get-Acl $UpdateFolder\",\n          \"  $ACLDiff = Compare-Object ($UpdateACL.AccessToString) ($DataACL.AccessToString)\",\n          \"  if ( $ACLDiff.count -ne 0 ) {\",\n          \"    Write-Error \\\"Failed to create update folder\\\" -ErrorAction Continue\",\n          \"    exit 41\",\n          \"  }\",\n          \"} catch {\",\n          \"  Write-Host  \\\"Failed to create update folder\\\"\",\n          \"  Write-Error  $Error[0]  -ErrorAction Continue\",\n          \"  exit 42\",\n          \"}\"\n        ]\n      }\n    },\n    {\n      \"action\": \"aws:updateSsmAgent\",\n      \"name\": \"awsupdateSsmAgent\",\n      \"inputs\": {\n        \"agentName\": \"amazon-ssm-agent\",\n        \"source\": \"https://s3.{Region}.amazonaws.com/amazon-ssm-{Region}/ssm-agent-manifest.json\",\n        \"allowDowngrade\": \"{{ allowDowngrade }}\",\n        \"targetVersion\": \"{{ version }}\"\n      }\n    }\n  ]\n}\n",
            "created_date": "2023-08-28T16:02:52Z",
            "default_version": "1",
            "description": "Update the Amazon SSM Agent to the latest version or specified version.",
            "document_format": "JSON",
            "document_type": "Command",
            "document_version": "1",
            "hash": "6c3aac01f1e697228acb68557eb3cd33cdfe5d18f9a72f4320c9a640333bc238",
            "hash_type": "Sha256",
            "id": "ec2-ssm-access",
            "latest_version": "1",
            "name": "ec2-ssm-access",
            "owner": "771370169183",
            "parameter": [
              {
                "default_value": "",
                "description": "(Optional) A specific version of the Amazon SSM Agent to install. If not specified, the agent will be updated to the latest version.",
                "name": "version",
                "type": "String"
              },
              {
                "default_value": "false",
                "description": "(Optional) Allow the Amazon SSM Agent service to be downgraded to an earlier version. If set to false, the service can be upgraded to newer versions only (default). If set to true, specify the earlier version.",
                "name": "allowDowngrade",
                "type": "String"
              }
            ],
            "permissions": {},
            "platform_types": [
              "Windows",
              "Linux",
              "MacOS"
            ],
            "schema_version": "2.2",
            "status": "Active",
            "tags": {},
            "tags_all": {},
            "target_type": "",
            "version_name": ""
          },
          "sensitive_attributes": [],
          "private": "bnVsbA=="
        }
      ]
    }
  ],
  "check_results": null
}
